# This file is autogenerated, do not edit; changes may be undone by the next 'dep ensure'.


[[projects]]
  branch = "master"
  name = "github.com/GianlucaGuarini/go-observable"
  packages = ["."]
  revision = "e39e699e0a002c560bdff16804c81ac1cd12fac2"

[[projects]]
  name = "github.com/TokTok/go-toxcore-c"
  packages = ["."]
  revision = "6db67f9ecccfd5d9ccedc5e609fe33b109e142c3"
  version = "v0.2.0"

[[projects]]
  name = "github.com/Workiva/go-datastructures"
  packages = ["queue"]
  revision = "01f52d4880ca171ab1033bb0ee03cda8e0a31cc3"
  version = "v1.0.46"

[[projects]]
  name = "github.com/bitly/go-simplejson"
  packages = ["."]
  revision = "aabad6e819789e569bd6aabf444c935aa9ba1e44"
  version = "v0.5.0"

[[projects]]
  branch = "master"
  name = "github.com/cheekybits/genny"
  packages = ["generic"]
  revision = "9127e812e1e9e501ce899a18121d316ecb52e4ba"

[[projects]]
  branch = "master"
  name = "github.com/cyfdecyf/color"
  packages = ["."]
  revision = "31d518c963d22b95d500ab628c1d1d1b8eff2ab9"

[[projects]]
  name = "github.com/emirpasic/gods"
  packages = [
    "containers",
    "sets",
    "sets/hashset",
    "utils"
  ]
  revision = "f6c17b524822278a87e3b3bd809fec33b51f5b46"
  version = "v1.9.0"

[[projects]]
  name = "github.com/go-ini/ini"
  packages = ["."]
  revision = "6529cf7c58879c08d927016dde4477f18a0634cb"
  version = "v1.36.0"

[[projects]]
  name = "github.com/golang/protobuf"
  packages = ["proto"]
  revision = "b4deda0973fb4c70b50d226b1af49f3da59f5265"
  version = "v1.1.0"

[[projects]]
  name = "github.com/huandu/xstrings"
  packages = ["."]
  revision = "2bf18b218c51864a87384c06996e40ff9dcff8e1"
  version = "v1.0.0"

[[projects]]
  branch = "master"
  name = "github.com/kitech/goplusplus"
  packages = ["."]
  revision = "b8344948fd7ccb6716245a20390f0b2b91d02904"

[[projects]]
  branch = "master"
  name = "github.com/lytics/base62"
  packages = ["."]
  revision = "827c93e361dee420018844675180331170dda747"

[[projects]]
  branch = "master"
  name = "github.com/petermattis/goid"
  packages = ["."]
  revision = "b0b1615b78e5ee59739545bb38426383b2cda4c9"

[[projects]]
  name = "github.com/pkg/errors"
  packages = ["."]
  revision = "645ef00459ed84a119197bfb8d8205042c6df63d"
  version = "v0.8.0"

[[projects]]
  name = "github.com/sasha-s/go-deadlock"
  packages = ["."]
  revision = "03d40e5dbd5488667a13b3c2600b2f7c2886f02f"
  version = "v0.2.0"

[[projects]]
  branch = "master"
  name = "github.com/streamrail/concurrent-map"
  packages = ["."]
  revision = "8bf1e9bacbf65b10c81d0f4314cf2b1ebef728b5"

[[projects]]
  branch = "master"
  name = "github.com/tatsushid/go-fastping"
  packages = ["."]
  revision = "d7bb493dee3e090e2ffb6914adddf17c1e7c026c"

[[projects]]
  name = "github.com/vmihailenco/msgpack"
  packages = [
    ".",
    "codes"
  ]
  revision = "a053f3dac71df214bfe8b367f34220f0029c9c02"
  version = "v3.3.1"

[[projects]]
  branch = "master"
  name = "golang.org/x/net"
  packages = [
    "bpf",
    "context",
    "icmp",
    "internal/iana",
    "internal/socket",
    "ipv4",
    "ipv6"
  ]
  revision = "640f4622ab692b87c2f3a94265e6f579fe38263d"

[[projects]]
  name = "google.golang.org/appengine"
  packages = [
    ".",
    "datastore",
    "internal",
    "internal/app_identity",
    "internal/base",
    "internal/datastore",
    "internal/log",
    "internal/modules",
    "internal/remote_api"
  ]
  revision = "150dc57a1b433e64154302bdc40b6bb8aefa313a"
  version = "v1.0.0"

[solve-meta]
  analyzer-name = "dep"
  analyzer-version = 1
  inputs-digest = "6415663262436ddf81702e96394e41640f1d546a5a9fb2b57445846e17256cae"
  solver-name = "gps-cdcl"
  solver-version = 1
